
Microsoft Visual Studio Solution File, Format Version 12.00
# Visual Studio Version 16
VisualStudioVersion = 16.0.30114.105
MinimumVisualStudioVersion = 10.0.40219.1
Project("{2150E333-8FDC-42A3-9474-1A3956D46DE8}") = "src", "src", "{E236CAF5-145B-431C-A8BA-54ED011F3DDB}"
EndProject
Project("{FAE04EC0-301F-11D3-BF4B-00C04F79EFBC}") = "SimpleAPI", "src\SimpleAPI\SimpleAPI.csproj", "{588D5DDF-A230-4A72-9E2E-997C1C4D1DB8}"
EndProject
Project("{2150E333-8FDC-42A3-9474-1A3956D46DE8}") = "test", "test", "{8AB6B77C-F929-4BF3-B4B8-DC2286344488}"
EndProject
Project("{FAE04EC0-301F-11D3-BF4B-00C04F79EFBC}") = "SimpleAPI.Test", "test\SimpleAPI.Test\SimpleAPI.Test.csproj", "{E9C2D1C4-F186-4682-8092-9FF8EF860DD6}"
EndProject
Global
	GlobalSection(SolutionConfigurationPlatforms) = preSolution
		Debug|Any CPU = Debug|Any CPU
		Release|Any CPU = Release|Any CPU
	EndGlobalSection
	GlobalSection(SolutionProperties) = preSolution
		HideSolutionNode = FALSE
	EndGlobalSection
	GlobalSection(ProjectConfigurationPlatforms) = postSolution
		{588D5DDF-A230-4A72-9E2E-997C1C4D1DB8}.Debug|Any CPU.ActiveCfg = Debug|Any CPU
		{588D5DDF-A230-4A72-9E2E-997C1C4D1DB8}.Debug|Any CPU.Build.0 = Debug|Any CPU
		{588D5DDF-A230-4A72-9E2E-997C1C4D1DB8}.Release|Any CPU.ActiveCfg = Release|Any CPU
		{588D5DDF-A230-4A72-9E2E-997C1C4D1DB8}.Release|Any CPU.Build.0 = Release|Any CPU
		{E9C2D1C4-F186-4682-8092-9FF8EF860DD6}.Debug|Any CPU.ActiveCfg = Debug|Any CPU
		{E9C2D1C4-F186-4682-8092-9FF8EF860DD6}.Debug|Any CPU.Build.0 = Debug|Any CPU
		{E9C2D1C4-F186-4682-8092-9FF8EF860DD6}.Release|Any CPU.ActiveCfg = Release|Any CPU
		{E9C2D1C4-F186-4682-8092-9FF8EF860DD6}.Release|Any CPU.Build.0 = Release|Any CPU
	EndGlobalSection
	GlobalSection(NestedProjects) = preSolution
		{588D5DDF-A230-4A72-9E2E-997C1C4D1DB8} = {E236CAF5-145B-431C-A8BA-54ED011F3DDB}
		{E9C2D1C4-F186-4682-8092-9FF8EF860DD6} = {8AB6B77C-F929-4BF3-B4B8-DC2286344488}
	EndGlobalSection
EndGlobal
